<?xml version="1.0" encoding="utf-8"?>
<Project ToolsVersion="4.0" xmlns="http://schemas.microsoft.com/developer/msbuild/2003">
  <ItemGroup>
    <Filter Include="Source Files">
      <UniqueIdentifier>{4FC737F1-C7A5-4376-A066-2A32D752A2FF}</UniqueIdentifier>
      <Extensions>cpp;cxx;c;def</Extensions>
    </Filter>
    <Filter Include="Header Files">
      <UniqueIdentifier>{93995380-89BD-4b04-88EB-625FBE52EBFB}</UniqueIdentifier>
      <Extensions>h</Extensions>
    </Filter>
    <Filter Include="Form Files">
      <UniqueIdentifier>{99349809-55BA-4b9d-BF79-8FDBB0286EB3}</UniqueIdentifier>
      <Extensions>ui</Extensions>
    </Filter>
    <Filter Include="Resource Files">
      <UniqueIdentifier>{D9D6E242-F8AF-46E4-B9FD-80ECBC20BA3E}</UniqueIdentifier>
      <Extensions>qrc;*</Extensions>
      <ParseFiles>false</ParseFiles>
    </Filter>
    <Filter Include="Generated Files">
      <UniqueIdentifier>{71ED8ED8-ACB9-4CE9-BBE1-E00B30144E11}</UniqueIdentifier>
      <Extensions>moc;h;cpp</Extensions>
      <SourceControlFiles>False</SourceControlFiles>
    </Filter>
    <Filter Include="Source Files\Core">
      <UniqueIdentifier>{1652d7af-2c05-4386-b201-89229490f599}</UniqueIdentifier>
    </Filter>
    <Filter Include="Header Files\Core">
      <UniqueIdentifier>{b31b23b3-03f1-41ea-9bc7-3b5dfa9b972c}</UniqueIdentifier>
    </Filter>
    <Filter Include="Source Files\GUI">
      <UniqueIdentifier>{2493c00c-3e7a-4fc6-8779-f7a9a32952c3}</UniqueIdentifier>
    </Filter>
    <Filter Include="Header Files\GUI">
      <UniqueIdentifier>{a0f16fa6-a560-4ecd-ba88-4bddd96868af}</UniqueIdentifier>
    </Filter>
    <Filter Include="Header Files\Network">
      <UniqueIdentifier>{49d574ff-e5a7-4299-a0ea-2e9c4b04d5aa}</UniqueIdentifier>
    </Filter>
    <Filter Include="Source Files\Network">
      <UniqueIdentifier>{9ee682c9-c8ee-4046-b987-ccea7bd5448a}</UniqueIdentifier>
    </Filter>
    <Filter Include="Source Files\QML">
      <UniqueIdentifier>{24dd3caf-af38-47d7-a9c0-61926afcdfb7}</UniqueIdentifier>
    </Filter>
    <Filter Include="Header Files\QML">
      <UniqueIdentifier>{2d049cd6-3ce5-4067-b1f4-f3068d0ecd91}</UniqueIdentifier>
    </Filter>
    <Filter Include="Header Files\GUI\Dialogs">
      <UniqueIdentifier>{84da16ba-4850-41ef-994f-e003c00a7459}</UniqueIdentifier>
    </Filter>
    <Filter Include="Source Files\GUI\Dialogs">
      <UniqueIdentifier>{17c88541-cfe4-40bf-9688-61a46160031e}</UniqueIdentifier>
    </Filter>
    <Filter Include="Source Files\GUI\PluginEditor">
      <UniqueIdentifier>{d4921cb5-7d7c-4611-8b8a-c9356bdb7331}</UniqueIdentifier>
    </Filter>
    <Filter Include="Header Files\GUI\PluginEditor">
      <UniqueIdentifier>{5258344f-2b42-4f59-b890-8a53030da34e}</UniqueIdentifier>
    </Filter>
    <Filter Include="Header Files\Core\Redis">
      <UniqueIdentifier>{d055341d-7f12-4724-ade3-9ed54dec1013}</UniqueIdentifier>
    </Filter>
    <Filter Include="Source Files\Core\Redis">
      <UniqueIdentifier>{d55d1066-ffc7-4715-8acf-734a92496e3d}</UniqueIdentifier>
    </Filter>
    <Filter Include="Generated Files\Debug">
      <UniqueIdentifier>{9b240e00-ee1f-4911-b68a-c25692733e42}</UniqueIdentifier>
      <Extensions>cpp;moc</Extensions>
      <SourceControlFiles>False</SourceControlFiles>
    </Filter>
    <Filter Include="Generated Files\Release">
      <UniqueIdentifier>{75d571a2-d5c8-4617-9b22-1c51d6ad222d}</UniqueIdentifier>
      <Extensions>cpp;moc</Extensions>
      <SourceControlFiles>False</SourceControlFiles>
    </Filter>
    <Filter Include="Generated Files\Release console">
      <UniqueIdentifier>{0498b4b3-6022-4ccd-8589-db537299a818}</UniqueIdentifier>
      <Extensions>cpp;moc</Extensions>
      <SourceControlFiles>False</SourceControlFiles>
    </Filter>
    <Filter Include="Source Files\GUI\Logger">
      <UniqueIdentifier>{c099bb50-3c92-47f4-899f-a1d12743fd20}</UniqueIdentifier>
    </Filter>
    <Filter Include="Header Files\GUI\Logger">
      <UniqueIdentifier>{193cb5ff-d556-4503-8efb-f4d242081c8b}</UniqueIdentifier>
    </Filter>
  </ItemGroup>
  <ItemGroup>
    <ClCompile Include="stdafx.cpp">
      <Filter>Source Files</Filter>
    </ClCompile>
    <ClCompile Include="Main.cpp">
      <Filter>Source Files</Filter>
    </ClCompile>
    <ClCompile Include="GeneratedFiles\qrc_Icons.cpp">
      <Filter>Generated Files</Filter>
    </ClCompile>
    <ClCompile Include="Core\ClipboardWatcher.cpp">
      <Filter>Source Files\Core</Filter>
    </ClCompile>
    <ClCompile Include="Core\KeyLogger.cpp">
      <Filter>Source Files\Core</Filter>
    </ClCompile>
    <ClCompile Include="Core\MimeDataEntry.cpp">
      <Filter>Source Files\Core</Filter>
    </ClCompile>
    <ClCompile Include="Core\ProcessManager.cpp">
      <Filter>Source Files\Core</Filter>
    </ClCompile>
    <ClCompile Include="Core\Settings.cpp">
      <Filter>Source Files\Core</Filter>
    </ClCompile>
    <ClCompile Include="QML\QMLClipboard.cpp">
      <Filter>Source Files\QML</Filter>
    </ClCompile>
    <ClCompile Include="QML\QMLEnvironment.cpp">
      <Filter>Source Files\QML</Filter>
    </ClCompile>
    <ClCompile Include="QML\QMLPlugin.cpp">
      <Filter>Source Files\QML</Filter>
    </ClCompile>
    <ClCompile Include="QML\QMLSettings.cpp">
      <Filter>Source Files\QML</Filter>
    </ClCompile>
    <ClCompile Include="QML\QMLUi.cpp">
      <Filter>Source Files\QML</Filter>
    </ClCompile>
    <ClCompile Include="QML\QMLUiTools.cpp">
      <Filter>Source Files\QML</Filter>
    </ClCompile>
    <ClCompile Include="Network\LocalHTTPServer.cpp">
      <Filter>Source Files\Network</Filter>
    </ClCompile>
    <ClCompile Include="Network\NetworkAccessManager.cpp">
      <Filter>Source Files\Network</Filter>
    </ClCompile>
    <ClCompile Include="Network\NetworkHTTPReply.cpp">
      <Filter>Source Files\Network</Filter>
    </ClCompile>
    <ClCompile Include="Network\NetworkHTTPRequest.cpp">
      <Filter>Source Files\Network</Filter>
    </ClCompile>
    <ClCompile Include="GUI\DynamicImageEngine.cpp">
      <Filter>Source Files\GUI</Filter>
    </ClCompile>
    <ClCompile Include="GUI\DynamicSvgItem.cpp">
      <Filter>Source Files\GUI</Filter>
    </ClCompile>
    <ClCompile Include="GUI\ImageLoader.cpp">
      <Filter>Source Files\GUI</Filter>
    </ClCompile>
    <ClCompile Include="GUI\ShortcutEditor.cpp">
      <Filter>Source Files\GUI</Filter>
    </ClCompile>
    <ClCompile Include="GUI\SystemTray.cpp">
      <Filter>Source Files\GUI</Filter>
    </ClCompile>
    <ClCompile Include="GUI\PluginEditor\PluginActionWidget.cpp">
      <Filter>Source Files\GUI\PluginEditor</Filter>
    </ClCompile>
    <ClCompile Include="GUI\PluginEditor\PluginEditor.cpp">
      <Filter>Source Files\GUI\PluginEditor</Filter>
    </ClCompile>
    <ClCompile Include="GUI\PluginEditor\PluginTable.cpp">
      <Filter>Source Files\GUI\PluginEditor</Filter>
    </ClCompile>
    <ClCompile Include="GUI\PluginEditor\PluginTableDelegate.cpp">
      <Filter>Source Files\GUI\PluginEditor</Filter>
    </ClCompile>
    <ClCompile Include="GUI\PluginEditor\PluginTableModel.cpp">
      <Filter>Source Files\GUI\PluginEditor</Filter>
    </ClCompile>
    <ClCompile Include="GUI\Dialogs\AddPluginDialog.cpp">
      <Filter>Source Files\GUI\Dialogs</Filter>
    </ClCompile>
    <ClCompile Include="Core\GlobiSingleApplication.cpp">
      <Filter>Source Files\Core</Filter>
    </ClCompile>
    <ClCompile Include="Core\Redis\RedisServer.cpp">
      <Filter>Source Files\Core\Redis</Filter>
    </ClCompile>
    <ClCompile Include="Core\Redis\RedisClient.cpp">
      <Filter>Source Files\Core\Redis</Filter>
    </ClCompile>
    <ClCompile Include="Core\Encoding.cpp">
      <Filter>Source Files\Core</Filter>
    </ClCompile>
    <ClCompile Include="GeneratedFiles\Debug\moc_SystemTray.cpp">
      <Filter>Generated Files\Debug</Filter>
    </ClCompile>
    <ClCompile Include="GeneratedFiles\Release\moc_SystemTray.cpp">
      <Filter>Generated Files\Release</Filter>
    </ClCompile>
    <ClCompile Include="GeneratedFiles\Release console\moc_SystemTray.cpp">
      <Filter>Generated Files\Release console</Filter>
    </ClCompile>
    <ClCompile Include="GeneratedFiles\Debug\moc_ShortcutEditor.cpp">
      <Filter>Generated Files\Debug</Filter>
    </ClCompile>
    <ClCompile Include="GeneratedFiles\Release\moc_ShortcutEditor.cpp">
      <Filter>Generated Files\Release</Filter>
    </ClCompile>
    <ClCompile Include="GeneratedFiles\Release console\moc_ShortcutEditor.cpp">
      <Filter>Generated Files\Release console</Filter>
    </ClCompile>
    <ClCompile Include="GeneratedFiles\Debug\moc_QMLUiTools.cpp">
      <Filter>Generated Files\Debug</Filter>
    </ClCompile>
    <ClCompile Include="GeneratedFiles\Release\moc_QMLUiTools.cpp">
      <Filter>Generated Files\Release</Filter>
    </ClCompile>
    <ClCompile Include="GeneratedFiles\Release console\moc_QMLUiTools.cpp">
      <Filter>Generated Files\Release console</Filter>
    </ClCompile>
    <ClCompile Include="GeneratedFiles\Debug\moc_QMLUi.cpp">
      <Filter>Generated Files\Debug</Filter>
    </ClCompile>
    <ClCompile Include="GeneratedFiles\Release\moc_QMLUi.cpp">
      <Filter>Generated Files\Release</Filter>
    </ClCompile>
    <ClCompile Include="GeneratedFiles\Release console\moc_QMLUi.cpp">
      <Filter>Generated Files\Release console</Filter>
    </ClCompile>
    <ClCompile Include="GeneratedFiles\Debug\moc_QMLSettings.cpp">
      <Filter>Generated Files\Debug</Filter>
    </ClCompile>
    <ClCompile Include="GeneratedFiles\Release\moc_QMLSettings.cpp">
      <Filter>Generated Files\Release</Filter>
    </ClCompile>
    <ClCompile Include="GeneratedFiles\Release console\moc_QMLSettings.cpp">
      <Filter>Generated Files\Release console</Filter>
    </ClCompile>
    <ClCompile Include="GeneratedFiles\Debug\moc_QMLPlugin.cpp">
      <Filter>Generated Files\Debug</Filter>
    </ClCompile>
    <ClCompile Include="GeneratedFiles\Release\moc_QMLPlugin.cpp">
      <Filter>Generated Files\Release</Filter>
    </ClCompile>
    <ClCompile Include="GeneratedFiles\Release console\moc_QMLPlugin.cpp">
      <Filter>Generated Files\Release console</Filter>
    </ClCompile>
    <ClCompile Include="GeneratedFiles\Debug\moc_QMLEnvironment.cpp">
      <Filter>Generated Files\Debug</Filter>
    </ClCompile>
    <ClCompile Include="GeneratedFiles\Release\moc_QMLEnvironment.cpp">
      <Filter>Generated Files\Release</Filter>
    </ClCompile>
    <ClCompile Include="GeneratedFiles\Release console\moc_QMLEnvironment.cpp">
      <Filter>Generated Files\Release console</Filter>
    </ClCompile>
    <ClCompile Include="GeneratedFiles\Debug\moc_QMLClipboard.cpp">
      <Filter>Generated Files\Debug</Filter>
    </ClCompile>
    <ClCompile Include="GeneratedFiles\Release\moc_QMLClipboard.cpp">
      <Filter>Generated Files\Release</Filter>
    </ClCompile>
    <ClCompile Include="GeneratedFiles\Release console\moc_QMLClipboard.cpp">
      <Filter>Generated Files\Release console</Filter>
    </ClCompile>
    <ClCompile Include="GeneratedFiles\Debug\moc_ProcessManager.cpp">
      <Filter>Generated Files\Debug</Filter>
    </ClCompile>
    <ClCompile Include="GeneratedFiles\Release\moc_ProcessManager.cpp">
      <Filter>Generated Files\Release</Filter>
    </ClCompile>
    <ClCompile Include="GeneratedFiles\Release console\moc_ProcessManager.cpp">
      <Filter>Generated Files\Release console</Filter>
    </ClCompile>
    <ClCompile Include="GeneratedFiles\Debug\moc_PluginTableModel.cpp">
      <Filter>Generated Files\Debug</Filter>
    </ClCompile>
    <ClCompile Include="GeneratedFiles\Release\moc_PluginTableModel.cpp">
      <Filter>Generated Files\Release</Filter>
    </ClCompile>
    <ClCompile Include="GeneratedFiles\Release console\moc_PluginTableModel.cpp">
      <Filter>Generated Files\Release console</Filter>
    </ClCompile>
    <ClCompile Include="GeneratedFiles\Debug\moc_PluginEditor.cpp">
      <Filter>Generated Files\Debug</Filter>
    </ClCompile>
    <ClCompile Include="GeneratedFiles\Release\moc_PluginEditor.cpp">
      <Filter>Generated Files\Release</Filter>
    </ClCompile>
    <ClCompile Include="GeneratedFiles\Release console\moc_PluginEditor.cpp">
      <Filter>Generated Files\Release console</Filter>
    </ClCompile>
    <ClCompile Include="GeneratedFiles\Debug\moc_PluginActionWidget.cpp">
      <Filter>Generated Files\Debug</Filter>
    </ClCompile>
    <ClCompile Include="GeneratedFiles\Release\moc_PluginActionWidget.cpp">
      <Filter>Generated Files\Release</Filter>
    </ClCompile>
    <ClCompile Include="GeneratedFiles\Release console\moc_PluginActionWidget.cpp">
      <Filter>Generated Files\Release console</Filter>
    </ClCompile>
    <ClCompile Include="GeneratedFiles\Debug\moc_NetworkHTTPRequest.cpp">
      <Filter>Generated Files\Debug</Filter>
    </ClCompile>
    <ClCompile Include="GeneratedFiles\Release\moc_NetworkHTTPRequest.cpp">
      <Filter>Generated Files\Release</Filter>
    </ClCompile>
    <ClCompile Include="GeneratedFiles\Release console\moc_NetworkHTTPRequest.cpp">
      <Filter>Generated Files\Release console</Filter>
    </ClCompile>
    <ClCompile Include="GeneratedFiles\Debug\moc_NetworkHTTPReply.cpp">
      <Filter>Generated Files\Debug</Filter>
    </ClCompile>
    <ClCompile Include="GeneratedFiles\Release\moc_NetworkHTTPReply.cpp">
      <Filter>Generated Files\Release</Filter>
    </ClCompile>
    <ClCompile Include="GeneratedFiles\Release console\moc_NetworkHTTPReply.cpp">
      <Filter>Generated Files\Release console</Filter>
    </ClCompile>
    <ClCompile Include="GeneratedFiles\Debug\moc_NetworkAccessManager.cpp">
      <Filter>Generated Files\Debug</Filter>
    </ClCompile>
    <ClCompile Include="GeneratedFiles\Release\moc_NetworkAccessManager.cpp">
      <Filter>Generated Files\Release</Filter>
    </ClCompile>
    <ClCompile Include="GeneratedFiles\Release console\moc_NetworkAccessManager.cpp">
      <Filter>Generated Files\Release console</Filter>
    </ClCompile>
    <ClCompile Include="GeneratedFiles\Debug\moc_MimeDataEntry.cpp">
      <Filter>Generated Files\Debug</Filter>
    </ClCompile>
    <ClCompile Include="GeneratedFiles\Release\moc_MimeDataEntry.cpp">
      <Filter>Generated Files\Release</Filter>
    </ClCompile>
    <ClCompile Include="GeneratedFiles\Release console\moc_MimeDataEntry.cpp">
      <Filter>Generated Files\Release console</Filter>
    </ClCompile>
    <ClCompile Include="GeneratedFiles\Debug\moc_LocalHTTPServer.cpp">
      <Filter>Generated Files\Debug</Filter>
    </ClCompile>
    <ClCompile Include="GeneratedFiles\Release\moc_LocalHTTPServer.cpp">
      <Filter>Generated Files\Release</Filter>
    </ClCompile>
    <ClCompile Include="GeneratedFiles\Release console\moc_LocalHTTPServer.cpp">
      <Filter>Generated Files\Release console</Filter>
    </ClCompile>
    <ClCompile Include="GeneratedFiles\Debug\moc_KeyLogger.cpp">
      <Filter>Generated Files\Debug</Filter>
    </ClCompile>
    <ClCompile Include="GeneratedFiles\Release\moc_KeyLogger.cpp">
      <Filter>Generated Files\Release</Filter>
    </ClCompile>
    <ClCompile Include="GeneratedFiles\Release console\moc_KeyLogger.cpp">
      <Filter>Generated Files\Release console</Filter>
    </ClCompile>
    <ClCompile Include="GeneratedFiles\Debug\moc_ImageLoader.cpp">
      <Filter>Generated Files\Debug</Filter>
    </ClCompile>
    <ClCompile Include="GeneratedFiles\Release\moc_ImageLoader.cpp">
      <Filter>Generated Files\Release</Filter>
    </ClCompile>
    <ClCompile Include="GeneratedFiles\Release console\moc_ImageLoader.cpp">
      <Filter>Generated Files\Release console</Filter>
    </ClCompile>
    <ClCompile Include="GeneratedFiles\Debug\moc_GlobiSingleApplication.cpp">
      <Filter>Generated Files\Debug</Filter>
    </ClCompile>
    <ClCompile Include="GeneratedFiles\Release\moc_GlobiSingleApplication.cpp">
      <Filter>Generated Files\Release</Filter>
    </ClCompile>
    <ClCompile Include="GeneratedFiles\Release console\moc_GlobiSingleApplication.cpp">
      <Filter>Generated Files\Release console</Filter>
    </ClCompile>
    <ClCompile Include="GeneratedFiles\Debug\moc_Encoding.cpp">
      <Filter>Generated Files\Debug</Filter>
    </ClCompile>
    <ClCompile Include="GeneratedFiles\Release\moc_Encoding.cpp">
      <Filter>Generated Files\Release</Filter>
    </ClCompile>
    <ClCompile Include="GeneratedFiles\Release console\moc_Encoding.cpp">
      <Filter>Generated Files\Release console</Filter>
    </ClCompile>
    <ClCompile Include="GeneratedFiles\Debug\moc_DynamicSvgItem.cpp">
      <Filter>Generated Files\Debug</Filter>
    </ClCompile>
    <ClCompile Include="GeneratedFiles\Release\moc_DynamicSvgItem.cpp">
      <Filter>Generated Files\Release</Filter>
    </ClCompile>
    <ClCompile Include="GeneratedFiles\Release console\moc_DynamicSvgItem.cpp">
      <Filter>Generated Files\Release console</Filter>
    </ClCompile>
    <ClCompile Include="GeneratedFiles\Debug\moc_DynamicImageEngine.cpp">
      <Filter>Generated Files\Debug</Filter>
    </ClCompile>
    <ClCompile Include="GeneratedFiles\Release\moc_DynamicImageEngine.cpp">
      <Filter>Generated Files\Release</Filter>
    </ClCompile>
    <ClCompile Include="GeneratedFiles\Release console\moc_DynamicImageEngine.cpp">
      <Filter>Generated Files\Release console</Filter>
    </ClCompile>
    <ClCompile Include="GeneratedFiles\Debug\moc_ClipboardWatcher.cpp">
      <Filter>Generated Files\Debug</Filter>
    </ClCompile>
    <ClCompile Include="GeneratedFiles\Release\moc_ClipboardWatcher.cpp">
      <Filter>Generated Files\Release</Filter>
    </ClCompile>
    <ClCompile Include="GeneratedFiles\Release console\moc_ClipboardWatcher.cpp">
      <Filter>Generated Files\Release console</Filter>
    </ClCompile>
    <ClCompile Include="GUI\Logger\Logger.cpp">
      <Filter>Source Files\GUI\Logger</Filter>
    </ClCompile>
    <ClCompile Include="GUI\Logger\LoggerTable.cpp">
      <Filter>Source Files\GUI\Logger</Filter>
    </ClCompile>
    <ClCompile Include="GUI\Logger\LoggerDelegate.cpp">
      <Filter>Source Files\GUI\Logger</Filter>
    </ClCompile>
    <ClCompile Include="GUI\Logger\LoggerModel.cpp">
      <Filter>Source Files\GUI\Logger</Filter>
    </ClCompile>
    <ClCompile Include="GUI\Logger\LogEntry.cpp">
      <Filter>Source Files</Filter>
    </ClCompile>
  </ItemGroup>
  <ItemGroup>
    <ClInclude Include="stdafx.h">
      <Filter>Header Files</Filter>
    </ClInclude>
    <ClInclude Include="Core\Settings.h">
      <Filter>Header Files\Core</Filter>
    </ClInclude>
    <ClInclude Include="QML\QMLBaseComponent.h">
      <Filter>Header Files\QML</Filter>
    </ClInclude>
    <ClInclude Include="GeneratedFiles\ui_AddPluginDialog.h">
      <Filter>Generated Files</Filter>
    </ClInclude>
    <ClInclude Include="GeneratedFiles\ui_PluginActionWidget.h">
      <Filter>Generated Files</Filter>
    </ClInclude>
    <ClInclude Include="GeneratedFiles\ui_PluginEditor.h">
      <Filter>Generated Files</Filter>
    </ClInclude>
    <ClInclude Include="GeneratedFiles\ui_RemovePluginDialog.h">
      <Filter>Generated Files</Filter>
    </ClInclude>
    <ClInclude Include="GUI\PluginEditor\PluginTable.h">
      <Filter>Header Files\GUI\PluginEditor</Filter>
    </ClInclude>
    <ClInclude Include="GUI\PluginEditor\PluginTableDelegate.h">
      <Filter>Header Files\GUI\PluginEditor</Filter>
    </ClInclude>
    <ClInclude Include="GUI\Dialogs\AddPluginDialog.h">
      <Filter>Header Files\GUI\Dialogs</Filter>
    </ClInclude>
    <ClInclude Include="Core\Redis\RedisClient.h">
      <Filter>Header Files\Core\Redis</Filter>
    </ClInclude>
    <ClInclude Include="Core\Redis\RedisServer.h">
      <Filter>Header Files\Core\Redis</Filter>
    </ClInclude>
    <ClInclude Include="GUI\Logger\Logger.h">
      <Filter>Header Files\GUI\Logger</Filter>
    </ClInclude>
    <ClInclude Include="GUI\Logger\LoggerTable.h">
      <Filter>Header Files\GUI\Logger</Filter>
    </ClInclude>
    <ClInclude Include="GUI\Logger\LoggerModel.h">
      <Filter>Header Files\GUI\Logger</Filter>
    </ClInclude>
    <ClInclude Include="GUI\Logger\LoggerDelegate.h">
      <Filter>Header Files\GUI\Logger</Filter>
    </ClInclude>
    <ClInclude Include="GeneratedFiles\ui_Logger.h">
      <Filter>Generated Files</Filter>
    </ClInclude>
    <ClInclude Include="GUI\Logger\LogEntry.h">
      <Filter>Header Files</Filter>
    </ClInclude>
  </ItemGroup>
  <ItemGroup>
    <ResourceCompile Include="Resource.rc">
      <Filter>Resource Files</Filter>
    </ResourceCompile>
  </ItemGroup>
  <ItemGroup>
    <CustomBuild Include="Icons.qrc">
      <Filter>Resource Files</Filter>
    </CustomBuild>
    <CustomBuild Include="Core\ClipboardWatcher.h">
      <Filter>Header Files\Core</Filter>
    </CustomBuild>
    <CustomBuild Include="Core\KeyLogger.h">
      <Filter>Header Files\Core</Filter>
    </CustomBuild>
    <CustomBuild Include="Core\MimeDataEntry.h">
      <Filter>Header Files\Core</Filter>
    </CustomBuild>
    <CustomBuild Include="Core\ProcessManager.h">
      <Filter>Header Files\Core</Filter>
    </CustomBuild>
    <CustomBuild Include="QML\QMLClipboard.h">
      <Filter>Header Files\QML</Filter>
    </CustomBuild>
    <CustomBuild Include="QML\QMLEnvironment.h">
      <Filter>Header Files\QML</Filter>
    </CustomBuild>
    <CustomBuild Include="QML\QMLPlugin.h">
      <Filter>Header Files\QML</Filter>
    </CustomBuild>
    <CustomBuild Include="QML\QMLSettings.h">
      <Filter>Header Files\QML</Filter>
    </CustomBuild>
    <CustomBuild Include="QML\QMLUi.h">
      <Filter>Header Files\QML</Filter>
    </CustomBuild>
    <CustomBuild Include="QML\QMLUiTools.h">
      <Filter>Header Files\QML</Filter>
    </CustomBuild>
    <CustomBuild Include="Network\LocalHTTPServer.h">
      <Filter>Header Files\Network</Filter>
    </CustomBuild>
    <CustomBuild Include="Network\NetworkAccessManager.h">
      <Filter>Header Files\Network</Filter>
    </CustomBuild>
    <CustomBuild Include="Network\NetworkHTTPReply.h">
      <Filter>Header Files\Network</Filter>
    </CustomBuild>
    <CustomBuild Include="Network\NetworkHTTPRequest.h">
      <Filter>Header Files\Network</Filter>
    </CustomBuild>
    <CustomBuild Include="GUI\Designer\AddPluginDialog.ui">
      <Filter>Form Files</Filter>
    </CustomBuild>
    <CustomBuild Include="GUI\Designer\PluginActionWidget.ui">
      <Filter>Form Files</Filter>
    </CustomBuild>
    <CustomBuild Include="GUI\Designer\PluginEditor.ui">
      <Filter>Form Files</Filter>
    </CustomBuild>
    <CustomBuild Include="GUI\Designer\RemovePluginDialog.ui">
      <Filter>Form Files</Filter>
    </CustomBuild>
    <CustomBuild Include="GUI\DynamicImageEngine.h">
      <Filter>Header Files\GUI</Filter>
    </CustomBuild>
    <CustomBuild Include="GUI\DynamicSvgItem.h">
      <Filter>Header Files\GUI</Filter>
    </CustomBuild>
    <CustomBuild Include="GUI\ImageLoader.h">
      <Filter>Header Files\GUI</Filter>
    </CustomBuild>
    <CustomBuild Include="GUI\ShortcutEditor.h">
      <Filter>Header Files\GUI</Filter>
    </CustomBuild>
    <CustomBuild Include="GUI\SystemTray.h">
      <Filter>Header Files\GUI</Filter>
    </CustomBuild>
    <CustomBuild Include="GUI\PluginEditor\PluginActionWidget.h">
      <Filter>Header Files\GUI\PluginEditor</Filter>
    </CustomBuild>
    <CustomBuild Include="GUI\PluginEditor\PluginEditor.h">
      <Filter>Header Files\GUI\PluginEditor</Filter>
    </CustomBuild>
    <CustomBuild Include="GUI\PluginEditor\PluginTableModel.h">
      <Filter>Header Files\GUI\PluginEditor</Filter>
    </CustomBuild>
    <CustomBuild Include="Core\GlobiSingleApplication.h">
      <Filter>Header Files\Core</Filter>
    </CustomBuild>
    <CustomBuild Include="Core\Encoding.h">
      <Filter>Header Files\Core</Filter>
    </CustomBuild>
    <CustomBuild Include="GUI\Designer\Logger.ui">
      <Filter>Form Files</Filter>
    </CustomBuild>
  </ItemGroup>
  <ItemGroup>
    <None Include="Icons\Scissors.svg">
      <Filter>Resource Files</Filter>
    </None>
    <None Include="Icons\Exit.svg">
      <Filter>Resource Files</Filter>
    </None>
    <None Include="Icons\Options.svg">
      <Filter>Resource Files</Filter>
    </None>
    <None Include="Icons\Plugins.svg">
      <Filter>Resource Files</Filter>
    </None>
    <None Include="Icons\Configuration.svg">
      <Filter>Resource Files</Filter>
    </None>
    <None Include="Icons\Add.svg">
      <Filter>Resource Files</Filter>
    </None>
    <None Include="Icons\Label.svg">
      <Filter>Resource Files</Filter>
    </None>
    <None Include="Icons\Version.svg">
      <Filter>Resource Files</Filter>
    </None>
    <None Include="Icons\Shortcut.svg">
      <Filter>Resource Files</Filter>
    </None>
    <None Include="Icons\Gear.svg">
      <Filter>Resource Files</Filter>
    </None>
    <None Include="Icons\Question.svg">
      <Filter>Resource Files</Filter>
    </None>
    <None Include="Icons\Delete.svg">
      <Filter>Resource Files</Filter>
    </None>
    <None Include="Icons\Author.svg">
      <Filter>Resource Files</Filter>
    </None>
    <None Include="Icons\SwitchOff.svg">
      <Filter>Resource Files</Filter>
    </None>
    <None Include="Icons\SwitchOn.svg">
      <Filter>Resource Files</Filter>
    </None>
    <None Include="Icons\Logs.svg">
      <Filter>Resource Files</Filter>
    </None>
    <None Include="Icons\Cycle.svg">
      <Filter>Resource Files</Filter>
    </None>
    <None Include="Icons\CheckMark.svg">
      <Filter>Resource Files</Filter>
    </None>
    <None Include="Icons\CrossMark.svg">
      <Filter>Resource Files</Filter>
    </None>
    <None Include="Icons\QuestionMark.svg">
      <Filter>Resource Files</Filter>
    </None>
    <None Include="Icons\Browse.svg">
      <Filter>Resource Files</Filter>
    </None>
    <None Include="Icons\Web.svg">
      <Filter>Resource Files</Filter>
    </None>
    <None Include="Icons\Folder.svg">
      <Filter>Resource Files</Filter>
    </None>
    <None Include="Icons\Ok.svg">
      <Filter>Resource Files</Filter>
    </None>
    <None Include="Icons\Cancel.svg">
      <Filter>Resource Files</Filter>
    </None>
    <None Include="Icons\QuestionMark2.svg">
      <Filter>Resource Files</Filter>
    </None>
  </ItemGroup>
</Project>